
Microsoft Visual Studio Solution File, Format Version 12.00
# Visual Studio 2013
VisualStudioVersion = 12.0.40629.0
MinimumVisualStudioVersion = 10.0.40219.1
Project("{FAE04EC0-301F-11D3-BF4B-00C04F79EFBC}") = "PratikDemo", "PratikDemo\PratikDemo.csproj", "{C8BA30D1-9F2D-4DBB-966E-163FF356F24D}"
EndProject
Global
	GlobalSection(SolutionConfigurationPlatforms) = preSolution
		Debug|Any CPU = Debug|Any CPU
		Release|Any CPU = Release|Any CPU
	EndGlobalSection
	GlobalSection(ProjectConfigurationPlatforms) = postSolution
		{C8BA30D1-9F2D-4DBB-966E-163FF356F24D}.Debug|Any CPU.ActiveCfg = Debug|Any CPU
		{C8BA30D1-9F2D-4DBB-966E-163FF356F24D}.Debug|Any CPU.Build.0 = Debug|Any CPU
		{C8BA30D1-9F2D-4DBB-966E-163FF356F24D}.Release|Any CPU.ActiveCfg = Release|Any CPU
		{C8BA30D1-9F2D-4DBB-966E-163FF356F24D}.Release|Any CPU.Build.0 = Release|Any CPU
	EndGlobalSection
	GlobalSection(SolutionProperties) = preSolution
		HideSolutionNode = FALSE
	EndGlobalSection
EndGlobal
